
Microsoft Visual Studio Solution File, Format Version 12.00
# Visual Studio 15
VisualStudioVersion = 15.0.26730.16
MinimumVisualStudioVersion = 10.0.40219.1
Project("{9A19103F-16F7-4668-BE54-9A1E7A4F7556}") = "BikeRentalService", "BikeRentalService\BikeRentalService.csproj", "{C79D2D87-B605-412A-BF2A-0A2E38EB1BAB}"
EndProject
Project("{9A19103F-16F7-4668-BE54-9A1E7A4F7556}") = "BikeRentalManager", "BikeRentalManager\BikeRentalManager.csproj", "{4B67F703-4BBA-44D0-957E-4C8BF9883B97}"
EndProject
Project("{9A19103F-16F7-4668-BE54-9A1E7A4F7556}") = "BikeRentalTests", "UnitTestProject1\BikeRentalTests.csproj", "{63F213D7-ED8E-4743-B72E-98474FA5E82A}"
EndProject
Global
	GlobalSection(SolutionConfigurationPlatforms) = preSolution
		Debug|Any CPU = Debug|Any CPU
		Release|Any CPU = Release|Any CPU
	EndGlobalSection
	GlobalSection(ProjectConfigurationPlatforms) = postSolution
		{C79D2D87-B605-412A-BF2A-0A2E38EB1BAB}.Debug|Any CPU.ActiveCfg = Debug|Any CPU
		{C79D2D87-B605-412A-BF2A-0A2E38EB1BAB}.Debug|Any CPU.Build.0 = Debug|Any CPU
		{C79D2D87-B605-412A-BF2A-0A2E38EB1BAB}.Release|Any CPU.ActiveCfg = Release|Any CPU
		{C79D2D87-B605-412A-BF2A-0A2E38EB1BAB}.Release|Any CPU.Build.0 = Release|Any CPU
		{4B67F703-4BBA-44D0-957E-4C8BF9883B97}.Debug|Any CPU.ActiveCfg = Debug|Any CPU
		{4B67F703-4BBA-44D0-957E-4C8BF9883B97}.Debug|Any CPU.Build.0 = Debug|Any CPU
		{4B67F703-4BBA-44D0-957E-4C8BF9883B97}.Release|Any CPU.ActiveCfg = Release|Any CPU
		{4B67F703-4BBA-44D0-957E-4C8BF9883B97}.Release|Any CPU.Build.0 = Release|Any CPU
		{63F213D7-ED8E-4743-B72E-98474FA5E82A}.Debug|Any CPU.ActiveCfg = Debug|Any CPU
		{63F213D7-ED8E-4743-B72E-98474FA5E82A}.Debug|Any CPU.Build.0 = Debug|Any CPU
		{63F213D7-ED8E-4743-B72E-98474FA5E82A}.Release|Any CPU.ActiveCfg = Release|Any CPU
		{63F213D7-ED8E-4743-B72E-98474FA5E82A}.Release|Any CPU.Build.0 = Release|Any CPU
	EndGlobalSection
	GlobalSection(SolutionProperties) = preSolution
		HideSolutionNode = FALSE
	EndGlobalSection
	GlobalSection(ExtensibilityGlobals) = postSolution
		SolutionGuid = {941972D0-8989-4E03-96EC-80047E7EFDF5}
	EndGlobalSection
EndGlobal
